
Microsoft Visual Studio Solution File, Format Version 12.00
# Visual Studio Version 16
VisualStudioVersion = 16.0.30523.141
MinimumVisualStudioVersion = 10.0.40219.1
Project("{FAE04EC0-301F-11D3-BF4B-00C04F79EFBC}") = "Server", "Server\Server.csproj", "{5D341EBB-043A-4FED-ABC5-8CE7FD6C9CF0}"
EndProject
Project("{FAE04EC0-301F-11D3-BF4B-00C04F79EFBC}") = "Client", "Client\Client.csproj", "{77E3A27B-8E91-4F2C-B9EC-CECED0E62047}"
EndProject
Project("{2150E333-8FDC-42A3-9474-1A3956D46DE8}") = "Libs", "Libs", "{8BA63E07-BAB3-4C1A-B42C-C537CD623F8C}"
EndProject
Project("{FAE04EC0-301F-11D3-BF4B-00C04F79EFBC}") = "XmlManager", "Libs\XmlManager\XmlManager.csproj", "{37F3FC3F-E8C8-4672-8F73-6DF09367955C}"
EndProject
Global
	GlobalSection(SolutionConfigurationPlatforms) = preSolution
		Debug|Any CPU = Debug|Any CPU
		Release|Any CPU = Release|Any CPU
	EndGlobalSection
	GlobalSection(ProjectConfigurationPlatforms) = postSolution
		{5D341EBB-043A-4FED-ABC5-8CE7FD6C9CF0}.Debug|Any CPU.ActiveCfg = Debug|Any CPU
		{5D341EBB-043A-4FED-ABC5-8CE7FD6C9CF0}.Debug|Any CPU.Build.0 = Debug|Any CPU
		{5D341EBB-043A-4FED-ABC5-8CE7FD6C9CF0}.Release|Any CPU.ActiveCfg = Release|Any CPU
		{5D341EBB-043A-4FED-ABC5-8CE7FD6C9CF0}.Release|Any CPU.Build.0 = Release|Any CPU
		{77E3A27B-8E91-4F2C-B9EC-CECED0E62047}.Debug|Any CPU.ActiveCfg = Debug|Any CPU
		{77E3A27B-8E91-4F2C-B9EC-CECED0E62047}.Debug|Any CPU.Build.0 = Debug|Any CPU
		{77E3A27B-8E91-4F2C-B9EC-CECED0E62047}.Release|Any CPU.ActiveCfg = Release|Any CPU
		{77E3A27B-8E91-4F2C-B9EC-CECED0E62047}.Release|Any CPU.Build.0 = Release|Any CPU
		{37F3FC3F-E8C8-4672-8F73-6DF09367955C}.Debug|Any CPU.ActiveCfg = Debug|Any CPU
		{37F3FC3F-E8C8-4672-8F73-6DF09367955C}.Debug|Any CPU.Build.0 = Debug|Any CPU
		{37F3FC3F-E8C8-4672-8F73-6DF09367955C}.Release|Any CPU.ActiveCfg = Release|Any CPU
		{37F3FC3F-E8C8-4672-8F73-6DF09367955C}.Release|Any CPU.Build.0 = Release|Any CPU
	EndGlobalSection
	GlobalSection(SolutionProperties) = preSolution
		HideSolutionNode = FALSE
	EndGlobalSection
	GlobalSection(NestedProjects) = preSolution
		{37F3FC3F-E8C8-4672-8F73-6DF09367955C} = {8BA63E07-BAB3-4C1A-B42C-C537CD623F8C}
	EndGlobalSection
	GlobalSection(ExtensibilityGlobals) = postSolution
		SolutionGuid = {8D93D306-6521-4769-ADF6-B933EBEBA9AD}
	EndGlobalSection
EndGlobal
